// !$*UTF8*$!
{
	archiveVersion = 1;
	classes = {
	};
	objectVersion = 55;
	objects = {

/* Begin PBXBuildFile section */
		062FE88327FB5C7500F2D0F7 /* MapView.swift in Sources */ = {isa = PBXBuildFile; fileRef = 062FE88227FB5C7500F2D0F7 /* MapView.swift */; };
		062FE88527FB79EF00F2D0F7 /* MapViewModel.swift in Sources */ = {isa = PBXBuildFile; fileRef = 062FE88427FB79EF00F2D0F7 /* MapViewModel.swift */; };
		062FE88827FEFC2B00F2D0F7 /* FirebaseAuth in Frameworks */ = {isa = PBXBuildFile; productRef = 062FE88727FEFC2B00F2D0F7 /* FirebaseAuth */; };
		062FE88A27FEFC2B00F2D0F7 /* FirebaseFirestore in Frameworks */ = {isa = PBXBuildFile; productRef = 062FE88927FEFC2B00F2D0F7 /* FirebaseFirestore */; };
		062FE88C27FEFC2B00F2D0F7 /* FirebaseStorage in Frameworks */ = {isa = PBXBuildFile; productRef = 062FE88B27FEFC2B00F2D0F7 /* FirebaseStorage */; };
		062FE88E27FF130700F2D0F7 /* GoogleService-Info.plist in Resources */ = {isa = PBXBuildFile; fileRef = 062FE88D27FF130700F2D0F7 /* GoogleService-Info.plist */; };
		6A6CDF9527FB6CA8002106F8 /* Challenge.swift in Sources */ = {isa = PBXBuildFile; fileRef = 6A6CDF8E27FB6CA8002106F8 /* Challenge.swift */; };
		6A6CDF9627FB6CA8002106F8 /* QuizData.swift in Sources */ = {isa = PBXBuildFile; fileRef = 6A6CDF8F27FB6CA8002106F8 /* QuizData.swift */; };
		6A6CDF9727FB6CA8002106F8 /* Quiz.swift in Sources */ = {isa = PBXBuildFile; fileRef = 6A6CDF9027FB6CA8002106F8 /* Quiz.swift */; };
		6A6CDF9C27FB6CBA002106F8 /* ChallengeCompleted.swift in Sources */ = {isa = PBXBuildFile; fileRef = 6A6CDF9827FB6CBA002106F8 /* ChallengeCompleted.swift */; };
		6A6CDF9D27FB6CBA002106F8 /* ChallengeContainer.swift in Sources */ = {isa = PBXBuildFile; fileRef = 6A6CDF9927FB6CBA002106F8 /* ChallengeContainer.swift */; };
		6A6CDF9E27FB6CBA002106F8 /* ChallengeDetailedPreview.swift in Sources */ = {isa = PBXBuildFile; fileRef = 6A6CDF9A27FB6CBA002106F8 /* ChallengeDetailedPreview.swift */; };
		6A6CDF9F27FB6CBA002106F8 /* QuizView.swift in Sources */ = {isa = PBXBuildFile; fileRef = 6A6CDF9B27FB6CBA002106F8 /* QuizView.swift */; };
		6A6CDFCF27FB71D8002106F8 /* ChallengeCount.swift in Sources */ = {isa = PBXBuildFile; fileRef = 6A6CDFCB27FB71D7002106F8 /* ChallengeCount.swift */; };
		6A6CDFD027FB71D8002106F8 /* ChallengeSmallPreview.swift in Sources */ = {isa = PBXBuildFile; fileRef = 6A6CDFCC27FB71D7002106F8 /* ChallengeSmallPreview.swift */; };
		6A6CDFD127FB71D8002106F8 /* CountdownTimer.swift in Sources */ = {isa = PBXBuildFile; fileRef = 6A6CDFCD27FB71D7002106F8 /* CountdownTimer.swift */; };
		6A6CDFD227FB71D8002106F8 /* ChallengeTimer.swift in Sources */ = {isa = PBXBuildFile; fileRef = 6A6CDFCE27FB71D7002106F8 /* ChallengeTimer.swift */; };
		6A6CDFDF27FDC3E2002106F8 /* ChallengeDAO.swift in Sources */ = {isa = PBXBuildFile; fileRef = 6A6CDFDE27FDC3E2002106F8 /* ChallengeDAO.swift */; };
		6A6CDFE127FDCC0E002106F8 /* GoogleService-Info.plist in Resources */ = {isa = PBXBuildFile; fileRef = 6A6CDFE027FDCC0E002106F8 /* GoogleService-Info.plist */; };
		6A6CDFE327FE00EB002106F8 /* ChallengesTestView.swift in Sources */ = {isa = PBXBuildFile; fileRef = 6A6CDFE227FE00EB002106F8 /* ChallengesTestView.swift */; };
		6A6CDFE527FEE0F4002106F8 /* Attempt.swift in Sources */ = {isa = PBXBuildFile; fileRef = 6A6CDFE427FEE0F4002106F8 /* Attempt.swift */; };
		6A6CDFE727FF0BF2002106F8 /* .gitignore in Resources */ = {isa = PBXBuildFile; fileRef = 6A6CDFE627FF0BF2002106F8 /* .gitignore */; };
		B1158B8627FAF53000552247 /* Color.swift in Sources */ = {isa = PBXBuildFile; fileRef = B1158B8527FAF53000552247 /* Color.swift */; };
		B167D31E27FAE4CE00BF950E /* outdareApp.swift in Sources */ = {isa = PBXBuildFile; fileRef = B167D31D27FAE4CE00BF950E /* outdareApp.swift */; };
		B167D32027FAE4CE00BF950E /* ContentView.swift in Sources */ = {isa = PBXBuildFile; fileRef = B167D31F27FAE4CE00BF950E /* ContentView.swift */; };
		B167D32227FAE4CF00BF950E /* Assets.xcassets in Resources */ = {isa = PBXBuildFile; fileRef = B167D32127FAE4CF00BF950E /* Assets.xcassets */; };
		B167D32527FAE4CF00BF950E /* Preview Assets.xcassets in Resources */ = {isa = PBXBuildFile; fileRef = B167D32427FAE4CF00BF950E /* Preview Assets.xcassets */; };
		B167D32F27FAE4CF00BF950E /* outdareTests.swift in Sources */ = {isa = PBXBuildFile; fileRef = B167D32E27FAE4CF00BF950E /* outdareTests.swift */; };
		B167D33927FAE4CF00BF950E /* outdareUITests.swift in Sources */ = {isa = PBXBuildFile; fileRef = B167D33827FAE4CF00BF950E /* outdareUITests.swift */; };
		B167D33B27FAE4CF00BF950E /* outdareUITestsLaunchTests.swift in Sources */ = {isa = PBXBuildFile; fileRef = B167D33A27FAE4CF00BF950E /* outdareUITestsLaunchTests.swift */; };
/* End PBXBuildFile section */

/* Begin PBXContainerItemProxy section */
		B167D32B27FAE4CF00BF950E /* PBXContainerItemProxy */ = {
			isa = PBXContainerItemProxy;
			containerPortal = B167D31227FAE4CE00BF950E /* Project object */;
			proxyType = 1;
			remoteGlobalIDString = B167D31927FAE4CE00BF950E;
			remoteInfo = outdare;
		};
		B167D33527FAE4CF00BF950E /* PBXContainerItemProxy */ = {
			isa = PBXContainerItemProxy;
			containerPortal = B167D31227FAE4CE00BF950E /* Project object */;
			proxyType = 1;
			remoteGlobalIDString = B167D31927FAE4CE00BF950E;
			remoteInfo = outdare;
		};
/* End PBXContainerItemProxy section */

/* Begin PBXFileReference section */
		062FE88227FB5C7500F2D0F7 /* MapView.swift */ = {isa = PBXFileReference; lastKnownFileType = sourcecode.swift; path = MapView.swift; sourceTree = "<group>"; };
		062FE88427FB79EF00F2D0F7 /* MapViewModel.swift */ = {isa = PBXFileReference; lastKnownFileType = sourcecode.swift; path = MapViewModel.swift; sourceTree = "<group>"; };
		062FE88D27FF130700F2D0F7 /* GoogleService-Info.plist */ = {isa = PBXFileReference; fileEncoding = 4; lastKnownFileType = text.plist.xml; path = "GoogleService-Info.plist"; sourceTree = "<group>"; };
		6A6CDF8E27FB6CA8002106F8 /* Challenge.swift */ = {isa = PBXFileReference; fileEncoding = 4; lastKnownFileType = sourcecode.swift; path = Challenge.swift; sourceTree = "<group>"; };
		6A6CDF8F27FB6CA8002106F8 /* QuizData.swift */ = {isa = PBXFileReference; fileEncoding = 4; lastKnownFileType = sourcecode.swift; path = QuizData.swift; sourceTree = "<group>"; };
		6A6CDF9027FB6CA8002106F8 /* Quiz.swift */ = {isa = PBXFileReference; fileEncoding = 4; lastKnownFileType = sourcecode.swift; path = Quiz.swift; sourceTree = "<group>"; };
		6A6CDF9827FB6CBA002106F8 /* ChallengeCompleted.swift */ = {isa = PBXFileReference; fileEncoding = 4; lastKnownFileType = sourcecode.swift; path = ChallengeCompleted.swift; sourceTree = "<group>"; };
		6A6CDF9927FB6CBA002106F8 /* ChallengeContainer.swift */ = {isa = PBXFileReference; fileEncoding = 4; lastKnownFileType = sourcecode.swift; path = ChallengeContainer.swift; sourceTree = "<group>"; };
		6A6CDF9A27FB6CBA002106F8 /* ChallengeDetailedPreview.swift */ = {isa = PBXFileReference; fileEncoding = 4; lastKnownFileType = sourcecode.swift; path = ChallengeDetailedPreview.swift; sourceTree = "<group>"; };
		6A6CDF9B27FB6CBA002106F8 /* QuizView.swift */ = {isa = PBXFileReference; fileEncoding = 4; lastKnownFileType = sourcecode.swift; path = QuizView.swift; sourceTree = "<group>"; };
		6A6CDFCB27FB71D7002106F8 /* ChallengeCount.swift */ = {isa = PBXFileReference; fileEncoding = 4; lastKnownFileType = sourcecode.swift; name = ChallengeCount.swift; path = outdare/components/ChallengeCount.swift; sourceTree = SOURCE_ROOT; };
		6A6CDFCC27FB71D7002106F8 /* ChallengeSmallPreview.swift */ = {isa = PBXFileReference; fileEncoding = 4; lastKnownFileType = sourcecode.swift; name = ChallengeSmallPreview.swift; path = outdare/components/ChallengeSmallPreview.swift; sourceTree = SOURCE_ROOT; };
		6A6CDFCD27FB71D7002106F8 /* CountdownTimer.swift */ = {isa = PBXFileReference; fileEncoding = 4; lastKnownFileType = sourcecode.swift; name = CountdownTimer.swift; path = outdare/components/CountdownTimer.swift; sourceTree = SOURCE_ROOT; };
		6A6CDFCE27FB71D7002106F8 /* ChallengeTimer.swift */ = {isa = PBXFileReference; fileEncoding = 4; lastKnownFileType = sourcecode.swift; name = ChallengeTimer.swift; path = outdare/components/ChallengeTimer.swift; sourceTree = SOURCE_ROOT; };
		6A6CDFDE27FDC3E2002106F8 /* ChallengeDAO.swift */ = {isa = PBXFileReference; lastKnownFileType = sourcecode.swift; path = ChallengeDAO.swift; sourceTree = "<group>"; };
		6A6CDFE027FDCC0E002106F8 /* GoogleService-Info.plist */ = {isa = PBXFileReference; fileEncoding = 4; lastKnownFileType = text.plist.xml; path = "GoogleService-Info.plist"; sourceTree = "<group>"; };
		6A6CDFE227FE00EB002106F8 /* ChallengesTestView.swift */ = {isa = PBXFileReference; lastKnownFileType = sourcecode.swift; path = ChallengesTestView.swift; sourceTree = "<group>"; };
		6A6CDFE427FEE0F4002106F8 /* Attempt.swift */ = {isa = PBXFileReference; lastKnownFileType = sourcecode.swift; path = Attempt.swift; sourceTree = "<group>"; };
		6A6CDFE627FF0BF2002106F8 /* .gitignore */ = {isa = PBXFileReference; lastKnownFileType = text; path = .gitignore; sourceTree = "<group>"; };
		B1158B8527FAF53000552247 /* Color.swift */ = {isa = PBXFileReference; lastKnownFileType = sourcecode.swift; path = Color.swift; sourceTree = "<group>"; };
		B167D31A27FAE4CE00BF950E /* outdare.app */ = {isa = PBXFileReference; explicitFileType = wrapper.application; includeInIndex = 0; path = outdare.app; sourceTree = BUILT_PRODUCTS_DIR; };
		B167D31D27FAE4CE00BF950E /* outdareApp.swift */ = {isa = PBXFileReference; lastKnownFileType = sourcecode.swift; path = outdareApp.swift; sourceTree = "<group>"; };
		B167D31F27FAE4CE00BF950E /* ContentView.swift */ = {isa = PBXFileReference; lastKnownFileType = sourcecode.swift; path = ContentView.swift; sourceTree = "<group>"; };
		B167D32127FAE4CF00BF950E /* Assets.xcassets */ = {isa = PBXFileReference; lastKnownFileType = folder.assetcatalog; path = Assets.xcassets; sourceTree = "<group>"; };
		B167D32427FAE4CF00BF950E /* Preview Assets.xcassets */ = {isa = PBXFileReference; lastKnownFileType = folder.assetcatalog; path = "Preview Assets.xcassets"; sourceTree = "<group>"; };
		B167D32A27FAE4CF00BF950E /* outdareTests.xctest */ = {isa = PBXFileReference; explicitFileType = wrapper.cfbundle; includeInIndex = 0; path = outdareTests.xctest; sourceTree = BUILT_PRODUCTS_DIR; };
		B167D32E27FAE4CF00BF950E /* outdareTests.swift */ = {isa = PBXFileReference; lastKnownFileType = sourcecode.swift; path = outdareTests.swift; sourceTree = "<group>"; };
		B167D33427FAE4CF00BF950E /* outdareUITests.xctest */ = {isa = PBXFileReference; explicitFileType = wrapper.cfbundle; includeInIndex = 0; path = outdareUITests.xctest; sourceTree = BUILT_PRODUCTS_DIR; };
		B167D33827FAE4CF00BF950E /* outdareUITests.swift */ = {isa = PBXFileReference; lastKnownFileType = sourcecode.swift; path = outdareUITests.swift; sourceTree = "<group>"; };
		B167D33A27FAE4CF00BF950E /* outdareUITestsLaunchTests.swift */ = {isa = PBXFileReference; lastKnownFileType = sourcecode.swift; path = outdareUITestsLaunchTests.swift; sourceTree = "<group>"; };
/* End PBXFileReference section */

/* Begin PBXFrameworksBuildPhase section */
		B167D31727FAE4CE00BF950E /* Frameworks */ = {
			isa = PBXFrameworksBuildPhase;
			buildActionMask = 2147483647;
			files = (
				062FE88827FEFC2B00F2D0F7 /* FirebaseAuth in Frameworks */,
				062FE88A27FEFC2B00F2D0F7 /* FirebaseFirestore in Frameworks */,
				062FE88C27FEFC2B00F2D0F7 /* FirebaseStorage in Frameworks */,
			);
			runOnlyForDeploymentPostprocessing = 0;
		};
		B167D32727FAE4CF00BF950E /* Frameworks */ = {
			isa = PBXFrameworksBuildPhase;
			buildActionMask = 2147483647;
			files = (
			);
			runOnlyForDeploymentPostprocessing = 0;
		};
		B167D33127FAE4CF00BF950E /* Frameworks */ = {
			isa = PBXFrameworksBuildPhase;
			buildActionMask = 2147483647;
			files = (
			);
			runOnlyForDeploymentPostprocessing = 0;
		};
/* End PBXFrameworksBuildPhase section */

/* Begin PBXGroup section */
		6A6CDF8D27FB6CA8002106F8 /* models */ = {
			isa = PBXGroup;
			children = (
				6A6CDF8E27FB6CA8002106F8 /* Challenge.swift */,
				6A6CDF8F27FB6CA8002106F8 /* QuizData.swift */,
				6A6CDF9027FB6CA8002106F8 /* Quiz.swift */,
				6A6CDFE427FEE0F4002106F8 /* Attempt.swift */,
			);
			path = models;
			sourceTree = "<group>";
		};
		6A6CDFA027FB6D13002106F8 /* components */ = {
			isa = PBXGroup;
			children = (
				6A6CDFCB27FB71D7002106F8 /* ChallengeCount.swift */,
				6A6CDFCC27FB71D7002106F8 /* ChallengeSmallPreview.swift */,
				6A6CDFCE27FB71D7002106F8 /* ChallengeTimer.swift */,
				6A6CDFCD27FB71D7002106F8 /* CountdownTimer.swift */,
			);
			name = components;
			path = ../../quiz/quiz/components;
			sourceTree = "<group>";
		};
		6A6CDFDD27FDC3A1002106F8 /* repos */ = {
			isa = PBXGroup;
			children = (
				6A6CDFDE27FDC3E2002106F8 /* ChallengeDAO.swift */,
			);
			path = repos;
			sourceTree = "<group>";
		};
		B1158B8427FAF51000552247 /* Theme */ = {
			isa = PBXGroup;
			children = (
				B1158B8527FAF53000552247 /* Color.swift */,
			);
			path = Theme;
			sourceTree = "<group>";
		};
		B167D31127FAE4CE00BF950E = {
			isa = PBXGroup;
			children = (
				B167D31C27FAE4CE00BF950E /* outdare */,
				B167D32D27FAE4CF00BF950E /* outdareTests */,
				B167D33727FAE4CF00BF950E /* outdareUITests */,
				B167D31B27FAE4CE00BF950E /* Products */,
			);
			sourceTree = "<group>";
		};
		B167D31B27FAE4CE00BF950E /* Products */ = {
			isa = PBXGroup;
			children = (
				B167D31A27FAE4CE00BF950E /* outdare.app */,
				B167D32A27FAE4CF00BF950E /* outdareTests.xctest */,
				B167D33427FAE4CF00BF950E /* outdareUITests.xctest */,
			);
			name = Products;
			sourceTree = "<group>";
		};
		B167D31C27FAE4CE00BF950E /* outdare */ = {
			isa = PBXGroup;
			children = (
				6A6CDFDD27FDC3A1002106F8 /* repos */,
				6A6CDF9827FB6CBA002106F8 /* ChallengeCompleted.swift */,
				6A6CDF9927FB6CBA002106F8 /* ChallengeContainer.swift */,
				6A6CDF9A27FB6CBA002106F8 /* ChallengeDetailedPreview.swift */,
				6A6CDF9B27FB6CBA002106F8 /* QuizView.swift */,
				6A6CDFA027FB6D13002106F8 /* components */,
				6A6CDF8D27FB6CA8002106F8 /* models */,
				B1158B8427FAF51000552247 /* Theme */,
				B167D31D27FAE4CE00BF950E /* outdareApp.swift */,
				6A6CDFE027FDCC0E002106F8 /* GoogleService-Info.plist */,
				062FE88D27FF130700F2D0F7 /* GoogleService-Info.plist */,
				B167D31F27FAE4CE00BF950E /* ContentView.swift */,
				062FE88227FB5C7500F2D0F7 /* MapView.swift */,
				062FE88427FB79EF00F2D0F7 /* MapViewModel.swift */,
				B167D32127FAE4CF00BF950E /* Assets.xcassets */,
				B167D32327FAE4CF00BF950E /* Preview Content */,
				6A6CDFE227FE00EB002106F8 /* ChallengesTestView.swift */,
				6A6CDFE627FF0BF2002106F8 /* .gitignore */,
			);
			path = outdare;
			sourceTree = "<group>";
		};
		B167D32327FAE4CF00BF950E /* Preview Content */ = {
			isa = PBXGroup;
			children = (
				B167D32427FAE4CF00BF950E /* Preview Assets.xcassets */,
			);
			path = "Preview Content";
			sourceTree = "<group>";
		};
		B167D32D27FAE4CF00BF950E /* outdareTests */ = {
			isa = PBXGroup;
			children = (
				B167D32E27FAE4CF00BF950E /* outdareTests.swift */,
			);
			path = outdareTests;
			sourceTree = "<group>";
		};
		B167D33727FAE4CF00BF950E /* outdareUITests */ = {
			isa = PBXGroup;
			children = (
				B167D33827FAE4CF00BF950E /* outdareUITests.swift */,
				B167D33A27FAE4CF00BF950E /* outdareUITestsLaunchTests.swift */,
			);
			path = outdareUITests;
			sourceTree = "<group>";
		};
/* End PBXGroup section */

/* Begin PBXNativeTarget section */
		B167D31927FAE4CE00BF950E /* outdare */ = {
			isa = PBXNativeTarget;
			buildConfigurationList = B167D33E27FAE4CF00BF950E /* Build configuration list for PBXNativeTarget "outdare" */;
			buildPhases = (
				B167D31627FAE4CE00BF950E /* Sources */,
				B167D31727FAE4CE00BF950E /* Frameworks */,
				B167D31827FAE4CE00BF950E /* Resources */,
			);
			buildRules = (
			);
			dependencies = (
			);
			name = outdare;
			packageProductDependencies = (
				062FE88727FEFC2B00F2D0F7 /* FirebaseAuth */,
				062FE88927FEFC2B00F2D0F7 /* FirebaseFirestore */,
				062FE88B27FEFC2B00F2D0F7 /* FirebaseStorage */,
			);
			productName = outdare;
			productReference = B167D31A27FAE4CE00BF950E /* outdare.app */;
			productType = "com.apple.product-type.application";
		};
		B167D32927FAE4CF00BF950E /* outdareTests */ = {
			isa = PBXNativeTarget;
			buildConfigurationList = B167D34127FAE4CF00BF950E /* Build configuration list for PBXNativeTarget "outdareTests" */;
			buildPhases = (
				B167D32627FAE4CF00BF950E /* Sources */,
				B167D32727FAE4CF00BF950E /* Frameworks */,
				B167D32827FAE4CF00BF950E /* Resources */,
			);
			buildRules = (
			);
			dependencies = (
				B167D32C27FAE4CF00BF950E /* PBXTargetDependency */,
			);
			name = outdareTests;
			productName = outdareTests;
			productReference = B167D32A27FAE4CF00BF950E /* outdareTests.xctest */;
			productType = "com.apple.product-type.bundle.unit-test";
		};
		B167D33327FAE4CF00BF950E /* outdareUITests */ = {
			isa = PBXNativeTarget;
			buildConfigurationList = B167D34427FAE4CF00BF950E /* Build configuration list for PBXNativeTarget "outdareUITests" */;
			buildPhases = (
				B167D33027FAE4CF00BF950E /* Sources */,
				B167D33127FAE4CF00BF950E /* Frameworks */,
				B167D33227FAE4CF00BF950E /* Resources */,
			);
			buildRules = (
			);
			dependencies = (
				B167D33627FAE4CF00BF950E /* PBXTargetDependency */,
			);
			name = outdareUITests;
			productName = outdareUITests;
			productReference = B167D33427FAE4CF00BF950E /* outdareUITests.xctest */;
			productType = "com.apple.product-type.bundle.ui-testing";
		};
/* End PBXNativeTarget section */

/* Begin PBXProject section */
		B167D31227FAE4CE00BF950E /* Project object */ = {
			isa = PBXProject;
			attributes = {
				BuildIndependentTargetsInParallel = 1;
				LastSwiftUpdateCheck = 1330;
				LastUpgradeCheck = 1330;
				TargetAttributes = {
					B167D31927FAE4CE00BF950E = {
						CreatedOnToolsVersion = 13.3;
					};
					B167D32927FAE4CF00BF950E = {
						CreatedOnToolsVersion = 13.3;
						TestTargetID = B167D31927FAE4CE00BF950E;
					};
					B167D33327FAE4CF00BF950E = {
						CreatedOnToolsVersion = 13.3;
						TestTargetID = B167D31927FAE4CE00BF950E;
					};
				};
			};
			buildConfigurationList = B167D31527FAE4CE00BF950E /* Build configuration list for PBXProject "outdare" */;
			compatibilityVersion = "Xcode 13.0";
			developmentRegion = en;
			hasScannedForEncodings = 0;
			knownRegions = (
				en,
				Base,
			);
			mainGroup = B167D31127FAE4CE00BF950E;
			packageReferences = (
				062FE88627FEFC2B00F2D0F7 /* XCRemoteSwiftPackageReference "firebase-ios-sdk" */,
			);
			productRefGroup = B167D31B27FAE4CE00BF950E /* Products */;
			projectDirPath = "";
			projectRoot = "";
			targets = (
				B167D31927FAE4CE00BF950E /* outdare */,
				B167D32927FAE4CF00BF950E /* outdareTests */,
				B167D33327FAE4CF00BF950E /* outdareUITests */,
			);
		};
/* End PBXProject section */

/* Begin PBXResourcesBuildPhase section */
		B167D31827FAE4CE00BF950E /* Resources */ = {
			isa = PBXResourcesBuildPhase;
			buildActionMask = 2147483647;
			files = (
				6A6CDFE727FF0BF2002106F8 /* .gitignore in Resources */,
				B167D32527FAE4CF00BF950E /* Preview Assets.xcassets in Resources */,
				062FE88E27FF130700F2D0F7 /* GoogleService-Info.plist in Resources */,
				B167D32227FAE4CF00BF950E /* Assets.xcassets in Resources */,
				6A6CDFE127FDCC0E002106F8 /* GoogleService-Info.plist in Resources */,
			);
			runOnlyForDeploymentPostprocessing = 0;
		};
		B167D32827FAE4CF00BF950E /* Resources */ = {
			isa = PBXResourcesBuildPhase;
			buildActionMask = 2147483647;
			files = (
			);
			runOnlyForDeploymentPostprocessing = 0;
		};
		B167D33227FAE4CF00BF950E /* Resources */ = {
			isa = PBXResourcesBuildPhase;
			buildActionMask = 2147483647;
			files = (
			);
			runOnlyForDeploymentPostprocessing = 0;
		};
/* End PBXResourcesBuildPhase section */

/* Begin PBXSourcesBuildPhase section */
		B167D31627FAE4CE00BF950E /* Sources */ = {
			isa = PBXSourcesBuildPhase;
			buildActionMask = 2147483647;
			files = (
				6A6CDFD127FB71D8002106F8 /* CountdownTimer.swift in Sources */,
				6A6CDFD227FB71D8002106F8 /* ChallengeTimer.swift in Sources */,
				B167D32027FAE4CE00BF950E /* ContentView.swift in Sources */,
				062FE88527FB79EF00F2D0F7 /* MapViewModel.swift in Sources */,
				062FE88327FB5C7500F2D0F7 /* MapView.swift in Sources */,
				B167D31E27FAE4CE00BF950E /* outdareApp.swift in Sources */,
				6A6CDFE327FE00EB002106F8 /* ChallengesTestView.swift in Sources */,
				6A6CDF9C27FB6CBA002106F8 /* ChallengeCompleted.swift in Sources */,
				6A6CDF9E27FB6CBA002106F8 /* ChallengeDetailedPreview.swift in Sources */,
				6A6CDFD027FB71D8002106F8 /* ChallengeSmallPreview.swift in Sources */,
				B1158B8627FAF53000552247 /* Color.swift in Sources */,
				6A6CDF9527FB6CA8002106F8 /* Challenge.swift in Sources */,
				6A6CDFCF27FB71D8002106F8 /* ChallengeCount.swift in Sources */,
				6A6CDF9727FB6CA8002106F8 /* Quiz.swift in Sources */,
				6A6CDFDF27FDC3E2002106F8 /* ChallengeDAO.swift in Sources */,
				6A6CDF9D27FB6CBA002106F8 /* ChallengeContainer.swift in Sources */,
				6A6CDF9F27FB6CBA002106F8 /* QuizView.swift in Sources */,
				6A6CDF9627FB6CA8002106F8 /* QuizData.swift in Sources */,
				6A6CDFE527FEE0F4002106F8 /* Attempt.swift in Sources */,
			);
			runOnlyForDeploymentPostprocessing = 0;
		};
		B167D32627FAE4CF00BF950E /* Sources */ = {
			isa = PBXSourcesBuildPhase;
			buildActionMask = 2147483647;
			files = (
				B167D32F27FAE4CF00BF950E /* outdareTests.swift in Sources */,
			);
			runOnlyForDeploymentPostprocessing = 0;
		};
		B167D33027FAE4CF00BF950E /* Sources */ = {
			isa = PBXSourcesBuildPhase;
			buildActionMask = 2147483647;
			files = (
				B167D33927FAE4CF00BF950E /* outdareUITests.swift in Sources */,
				B167D33B27FAE4CF00BF950E /* outdareUITestsLaunchTests.swift in Sources */,
			);
			runOnlyForDeploymentPostprocessing = 0;
		};
/* End PBXSourcesBuildPhase section */

/* Begin PBXTargetDependency section */
		B167D32C27FAE4CF00BF950E /* PBXTargetDependency */ = {
			isa = PBXTargetDependency;
			target = B167D31927FAE4CE00BF950E /* outdare */;
			targetProxy = B167D32B27FAE4CF00BF950E /* PBXContainerItemProxy */;
		};
		B167D33627FAE4CF00BF950E /* PBXTargetDependency */ = {
			isa = PBXTargetDependency;
			target = B167D31927FAE4CE00BF950E /* outdare */;
			targetProxy = B167D33527FAE4CF00BF950E /* PBXContainerItemProxy */;
		};
/* End PBXTargetDependency section */

/* Begin XCBuildConfiguration section */
		B167D33C27FAE4CF00BF950E /* Debug */ = {
			isa = XCBuildConfiguration;
			buildSettings = {
				ALWAYS_SEARCH_USER_PATHS = NO;
				CLANG_ANALYZER_NONNULL = YES;
				CLANG_ANALYZER_NUMBER_OBJECT_CONVERSION = YES_AGGRESSIVE;
				CLANG_CXX_LANGUAGE_STANDARD = "gnu++17";
				CLANG_ENABLE_MODULES = YES;
				CLANG_ENABLE_OBJC_ARC = YES;
				CLANG_ENABLE_OBJC_WEAK = YES;
				CLANG_WARN_BLOCK_CAPTURE_AUTORELEASING = YES;
				CLANG_WARN_BOOL_CONVERSION = YES;
				CLANG_WARN_COMMA = YES;
				CLANG_WARN_CONSTANT_CONVERSION = YES;
				CLANG_WARN_DEPRECATED_OBJC_IMPLEMENTATIONS = YES;
				CLANG_WARN_DIRECT_OBJC_ISA_USAGE = YES_ERROR;
				CLANG_WARN_DOCUMENTATION_COMMENTS = YES;
				CLANG_WARN_EMPTY_BODY = YES;
				CLANG_WARN_ENUM_CONVERSION = YES;
				CLANG_WARN_INFINITE_RECURSION = YES;
				CLANG_WARN_INT_CONVERSION = YES;
				CLANG_WARN_NON_LITERAL_NULL_CONVERSION = YES;
				CLANG_WARN_OBJC_IMPLICIT_RETAIN_SELF = YES;
				CLANG_WARN_OBJC_LITERAL_CONVERSION = YES;
				CLANG_WARN_OBJC_ROOT_CLASS = YES_ERROR;
				CLANG_WARN_QUOTED_INCLUDE_IN_FRAMEWORK_HEADER = YES;
				CLANG_WARN_RANGE_LOOP_ANALYSIS = YES;
				CLANG_WARN_STRICT_PROTOTYPES = YES;
				CLANG_WARN_SUSPICIOUS_MOVE = YES;
				CLANG_WARN_UNGUARDED_AVAILABILITY = YES_AGGRESSIVE;
				CLANG_WARN_UNREACHABLE_CODE = YES;
				CLANG_WARN__DUPLICATE_METHOD_MATCH = YES;
				COPY_PHASE_STRIP = NO;
				DEBUG_INFORMATION_FORMAT = dwarf;
				ENABLE_STRICT_OBJC_MSGSEND = YES;
				ENABLE_TESTABILITY = YES;
				GCC_C_LANGUAGE_STANDARD = gnu11;
				GCC_DYNAMIC_NO_PIC = NO;
				GCC_NO_COMMON_BLOCKS = YES;
				GCC_OPTIMIZATION_LEVEL = 0;
				GCC_PREPROCESSOR_DEFINITIONS = (
					"DEBUG=1",
					"$(inherited)",
				);
				GCC_WARN_64_TO_32_BIT_CONVERSION = YES;
				GCC_WARN_ABOUT_RETURN_TYPE = YES_ERROR;
				GCC_WARN_UNDECLARED_SELECTOR = YES;
				GCC_WARN_UNINITIALIZED_AUTOS = YES_AGGRESSIVE;
				GCC_WARN_UNUSED_FUNCTION = YES;
				GCC_WARN_UNUSED_VARIABLE = YES;
				IPHONEOS_DEPLOYMENT_TARGET = 15.2;
				MTL_ENABLE_DEBUG_INFO = INCLUDE_SOURCE;
				MTL_FAST_MATH = YES;
				ONLY_ACTIVE_ARCH = YES;
				SDKROOT = iphoneos;
				SWIFT_ACTIVE_COMPILATION_CONDITIONS = DEBUG;
				SWIFT_OPTIMIZATION_LEVEL = "-Onone";
			};
			name = Debug;
		};
		B167D33D27FAE4CF00BF950E /* Release */ = {
			isa = XCBuildConfiguration;
			buildSettings = {
				ALWAYS_SEARCH_USER_PATHS = NO;
				CLANG_ANALYZER_NONNULL = YES;
				CLANG_ANALYZER_NUMBER_OBJECT_CONVERSION = YES_AGGRESSIVE;
				CLANG_CXX_LANGUAGE_STANDARD = "gnu++17";
				CLANG_ENABLE_MODULES = YES;
				CLANG_ENABLE_OBJC_ARC = YES;
				CLANG_ENABLE_OBJC_WEAK = YES;
				CLANG_WARN_BLOCK_CAPTURE_AUTORELEASING = YES;
				CLANG_WARN_BOOL_CONVERSION = YES;
				CLANG_WARN_COMMA = YES;
				CLANG_WARN_CONSTANT_CONVERSION = YES;
				CLANG_WARN_DEPRECATED_OBJC_IMPLEMENTATIONS = YES;
				CLANG_WARN_DIRECT_OBJC_ISA_USAGE = YES_ERROR;
				CLANG_WARN_DOCUMENTATION_COMMENTS = YES;
				CLANG_WARN_EMPTY_BODY = YES;
				CLANG_WARN_ENUM_CONVERSION = YES;
				CLANG_WARN_INFINITE_RECURSION = YES;
				CLANG_WARN_INT_CONVERSION = YES;
				CLANG_WARN_NON_LITERAL_NULL_CONVERSION = YES;
				CLANG_WARN_OBJC_IMPLICIT_RETAIN_SELF = YES;
				CLANG_WARN_OBJC_LITERAL_CONVERSION = YES;
				CLANG_WARN_OBJC_ROOT_CLASS = YES_ERROR;
				CLANG_WARN_QUOTED_INCLUDE_IN_FRAMEWORK_HEADER = YES;
				CLANG_WARN_RANGE_LOOP_ANALYSIS = YES;
				CLANG_WARN_STRICT_PROTOTYPES = YES;
				CLANG_WARN_SUSPICIOUS_MOVE = YES;
				CLANG_WARN_UNGUARDED_AVAILABILITY = YES_AGGRESSIVE;
				CLANG_WARN_UNREACHABLE_CODE = YES;
				CLANG_WARN__DUPLICATE_METHOD_MATCH = YES;
				COPY_PHASE_STRIP = NO;
				DEBUG_INFORMATION_FORMAT = "dwarf-with-dsym";
				ENABLE_NS_ASSERTIONS = NO;
				ENABLE_STRICT_OBJC_MSGSEND = YES;
				GCC_C_LANGUAGE_STANDARD = gnu11;
				GCC_NO_COMMON_BLOCKS = YES;
				GCC_WARN_64_TO_32_BIT_CONVERSION = YES;
				GCC_WARN_ABOUT_RETURN_TYPE = YES_ERROR;
				GCC_WARN_UNDECLARED_SELECTOR = YES;
				GCC_WARN_UNINITIALIZED_AUTOS = YES_AGGRESSIVE;
				GCC_WARN_UNUSED_FUNCTION = YES;
				GCC_WARN_UNUSED_VARIABLE = YES;
				IPHONEOS_DEPLOYMENT_TARGET = 15.2;
				MTL_ENABLE_DEBUG_INFO = NO;
				MTL_FAST_MATH = YES;
				SDKROOT = iphoneos;
				SWIFT_COMPILATION_MODE = wholemodule;
				SWIFT_OPTIMIZATION_LEVEL = "-O";
				VALIDATE_PRODUCT = YES;
			};
			name = Release;
		};
		B167D33F27FAE4CF00BF950E /* Debug */ = {
			isa = XCBuildConfiguration;
			buildSettings = {
				ASSETCATALOG_COMPILER_APPICON_NAME = AppIcon;
				ASSETCATALOG_COMPILER_GLOBAL_ACCENT_COLOR_NAME = AccentColor;
				CODE_SIGN_STYLE = Automatic;
				CURRENT_PROJECT_VERSION = 1;
				DEVELOPMENT_ASSET_PATHS = "\"outdare/Preview Content\"";
				ENABLE_PREVIEWS = YES;
				GENERATE_INFOPLIST_FILE = YES;
				INFOPLIST_KEY_NSLocationWhenInUseUsageDescription = "This app needs your location to show it on the map.";
				INFOPLIST_KEY_UIApplicationSceneManifest_Generation = YES;
				INFOPLIST_KEY_UIApplicationSupportsIndirectInputEvents = YES;
				INFOPLIST_KEY_UILaunchScreen_Generation = YES;
				INFOPLIST_KEY_UISupportedInterfaceOrientations = UIInterfaceOrientationPortrait;
				INFOPLIST_KEY_UISupportedInterfaceOrientations_iPad = "UIInterfaceOrientationPortrait UIInterfaceOrientationPortraitUpsideDown UIInterfaceOrientationLandscapeLeft UIInterfaceOrientationLandscapeRight";
				INFOPLIST_KEY_UISupportedInterfaceOrientations_iPhone = "UIInterfaceOrientationPortrait UIInterfaceOrientationLandscapeLeft UIInterfaceOrientationLandscapeRight";
				IPHONEOS_DEPLOYMENT_TARGET = 15.2;
				LD_RUNPATH_SEARCH_PATHS = (
					"$(inherited)",
					"@executable_path/Frameworks",
				);
				MARKETING_VERSION = 1.0;
				PRODUCT_BUNDLE_IDENTIFIER = com.outdare.outdare;
				PRODUCT_NAME = "$(TARGET_NAME)";
				SWIFT_EMIT_LOC_STRINGS = YES;
				SWIFT_VERSION = 5.0;
				TARGETED_DEVICE_FAMILY = "1,2";
			};
			name = Debug;
		};
		B167D34027FAE4CF00BF950E /* Release */ = {
			isa = XCBuildConfiguration;
			buildSettings = {
				ASSETCATALOG_COMPILER_APPICON_NAME = AppIcon;
				ASSETCATALOG_COMPILER_GLOBAL_ACCENT_COLOR_NAME = AccentColor;
				CODE_SIGN_STYLE = Automatic;
				CURRENT_PROJECT_VERSION = 1;
				DEVELOPMENT_ASSET_PATHS = "\"outdare/Preview Content\"";
				ENABLE_PREVIEWS = YES;
				GENERATE_INFOPLIST_FILE = YES;
				INFOPLIST_KEY_NSLocationWhenInUseUsageDescription = "This app needs your location to show it on the map.";
				INFOPLIST_KEY_UIApplicationSceneManifest_Generation = YES;
				INFOPLIST_KEY_UIApplicationSupportsIndirectInputEvents = YES;
				INFOPLIST_KEY_UILaunchScreen_Generation = YES;
				INFOPLIST_KEY_UISupportedInterfaceOrientations = UIInterfaceOrientationPortrait;
				INFOPLIST_KEY_UISupportedInterfaceOrientations_iPad = "UIInterfaceOrientationPortrait UIInterfaceOrientationPortraitUpsideDown UIInterfaceOrientationLandscapeLeft UIInterfaceOrientationLandscapeRight";
				INFOPLIST_KEY_UISupportedInterfaceOrientations_iPhone = "UIInterfaceOrientationPortrait UIInterfaceOrientationLandscapeLeft UIInterfaceOrientationLandscapeRight";
				IPHONEOS_DEPLOYMENT_TARGET = 15.2;
				LD_RUNPATH_SEARCH_PATHS = (
					"$(inherited)",
					"@executable_path/Frameworks",
				);
				MARKETING_VERSION = 1.0;
				PRODUCT_BUNDLE_IDENTIFIER = com.outdare.outdare;
				PRODUCT_NAME = "$(TARGET_NAME)";
				SWIFT_EMIT_LOC_STRINGS = YES;
				SWIFT_VERSION = 5.0;
				TARGETED_DEVICE_FAMILY = "1,2";
			};
			name = Release;
		};
		B167D34227FAE4CF00BF950E /* Debug */ = {
			isa = XCBuildConfiguration;
			buildSettings = {
				ALWAYS_EMBED_SWIFT_STANDARD_LIBRARIES = YES;
				BUNDLE_LOADER = "$(TEST_HOST)";
				CODE_SIGN_STYLE = Automatic;
				CURRENT_PROJECT_VERSION = 1;
				GENERATE_INFOPLIST_FILE = YES;
				IPHONEOS_DEPLOYMENT_TARGET = 15.4;
				MARKETING_VERSION = 1.0;
				PRODUCT_BUNDLE_IDENTIFIER = com.outdare.outdareTests;
				PRODUCT_NAME = "$(TARGET_NAME)";
				SWIFT_EMIT_LOC_STRINGS = NO;
				SWIFT_VERSION = 5.0;
				TARGETED_DEVICE_FAMILY = "1,2";
				TEST_HOST = "$(BUILT_PRODUCTS_DIR)/outdare.app/outdare";
			};
			name = Debug;
		};
		B167D34327FAE4CF00BF950E /* Release */ = {
			isa = XCBuildConfiguration;
			buildSettings = {
				ALWAYS_EMBED_SWIFT_STANDARD_LIBRARIES = YES;
				BUNDLE_LOADER = "$(TEST_HOST)";
				CODE_SIGN_STYLE = Automatic;
				CURRENT_PROJECT_VERSION = 1;
				GENERATE_INFOPLIST_FILE = YES;
				IPHONEOS_DEPLOYMENT_TARGET = 15.4;
				MARKETING_VERSION = 1.0;
				PRODUCT_BUNDLE_IDENTIFIER = com.outdare.outdareTests;
				PRODUCT_NAME = "$(TARGET_NAME)";
				SWIFT_EMIT_LOC_STRINGS = NO;
				SWIFT_VERSION = 5.0;
				TARGETED_DEVICE_FAMILY = "1,2";
				TEST_HOST = "$(BUILT_PRODUCTS_DIR)/outdare.app/outdare";
			};
			name = Release;
		};
		B167D34527FAE4CF00BF950E /* Debug */ = {
			isa = XCBuildConfiguration;
			buildSettings = {
				ALWAYS_EMBED_SWIFT_STANDARD_LIBRARIES = YES;
				CODE_SIGN_STYLE = Automatic;
				CURRENT_PROJECT_VERSION = 1;
				GENERATE_INFOPLIST_FILE = YES;
				MARKETING_VERSION = 1.0;
				PRODUCT_BUNDLE_IDENTIFIER = com.outdare.outdareUITests;
				PRODUCT_NAME = "$(TARGET_NAME)";
				SWIFT_EMIT_LOC_STRINGS = NO;
				SWIFT_VERSION = 5.0;
				TARGETED_DEVICE_FAMILY = "1,2";
				TEST_TARGET_NAME = outdare;
			};
			name = Debug;
		};
		B167D34627FAE4CF00BF950E /* Release */ = {
			isa = XCBuildConfiguration;
			buildSettings = {
				ALWAYS_EMBED_SWIFT_STANDARD_LIBRARIES = YES;
				CODE_SIGN_STYLE = Automatic;
				CURRENT_PROJECT_VERSION = 1;
				GENERATE_INFOPLIST_FILE = YES;
				MARKETING_VERSION = 1.0;
				PRODUCT_BUNDLE_IDENTIFIER = com.outdare.outdareUITests;
				PRODUCT_NAME = "$(TARGET_NAME)";
				SWIFT_EMIT_LOC_STRINGS = NO;
				SWIFT_VERSION = 5.0;
				TARGETED_DEVICE_FAMILY = "1,2";
				TEST_TARGET_NAME = outdare;
			};
			name = Release;
		};
/* End XCBuildConfiguration section */

/* Begin XCConfigurationList section */
		B167D31527FAE4CE00BF950E /* Build configuration list for PBXProject "outdare" */ = {
			isa = XCConfigurationList;
			buildConfigurations = (
				B167D33C27FAE4CF00BF950E /* Debug */,
				B167D33D27FAE4CF00BF950E /* Release */,
			);
			defaultConfigurationIsVisible = 0;
			defaultConfigurationName = Release;
		};
		B167D33E27FAE4CF00BF950E /* Build configuration list for PBXNativeTarget "outdare" */ = {
			isa = XCConfigurationList;
			buildConfigurations = (
				B167D33F27FAE4CF00BF950E /* Debug */,
				B167D34027FAE4CF00BF950E /* Release */,
			);
			defaultConfigurationIsVisible = 0;
			defaultConfigurationName = Release;
		};
		B167D34127FAE4CF00BF950E /* Build configuration list for PBXNativeTarget "outdareTests" */ = {
			isa = XCConfigurationList;
			buildConfigurations = (
				B167D34227FAE4CF00BF950E /* Debug */,
				B167D34327FAE4CF00BF950E /* Release */,
			);
			defaultConfigurationIsVisible = 0;
			defaultConfigurationName = Release;
		};
		B167D34427FAE4CF00BF950E /* Build configuration list for PBXNativeTarget "outdareUITests" */ = {
			isa = XCConfigurationList;
			buildConfigurations = (
				B167D34527FAE4CF00BF950E /* Debug */,
				B167D34627FAE4CF00BF950E /* Release */,
			);
			defaultConfigurationIsVisible = 0;
			defaultConfigurationName = Release;
		};
/* End XCConfigurationList section */

/* Begin XCRemoteSwiftPackageReference section */
		062FE88627FEFC2B00F2D0F7 /* XCRemoteSwiftPackageReference "firebase-ios-sdk" */ = {
			isa = XCRemoteSwiftPackageReference;
			repositoryURL = "https://github.com/firebase/firebase-ios-sdk";
			requirement = {
				kind = upToNextMajorVersion;
				minimumVersion = 8.0.0;
			};
		};
/* End XCRemoteSwiftPackageReference section */

/* Begin XCSwiftPackageProductDependency section */
		062FE88727FEFC2B00F2D0F7 /* FirebaseAuth */ = {
			isa = XCSwiftPackageProductDependency;
			package = 062FE88627FEFC2B00F2D0F7 /* XCRemoteSwiftPackageReference "firebase-ios-sdk" */;
			productName = FirebaseAuth;
		};
		062FE88927FEFC2B00F2D0F7 /* FirebaseFirestore */ = {
			isa = XCSwiftPackageProductDependency;
			package = 062FE88627FEFC2B00F2D0F7 /* XCRemoteSwiftPackageReference "firebase-ios-sdk" */;
			productName = FirebaseFirestore;
		};
		062FE88B27FEFC2B00F2D0F7 /* FirebaseStorage */ = {
			isa = XCSwiftPackageProductDependency;
			package = 062FE88627FEFC2B00F2D0F7 /* XCRemoteSwiftPackageReference "firebase-ios-sdk" */;
			productName = FirebaseStorage;
		};
/* End XCSwiftPackageProductDependency section */
	};
	rootObject = B167D31227FAE4CE00BF950E /* Project object */;
}
